Microsoft Visual Studio Solution File, Format Version 11.00
# Visual Studio 2008

Project("{C0AE666A-D484-8FCC-5B96-0EB92DB6A054}") = "Mini's_Gift", "Assembly-CSharp.csproj", "{411DE747-4CB0-50A3-9E89-2378BCF2D344}"
EndProject
Project("{C0AE666A-D484-8FCC-5B96-0EB92DB6A054}") = "Mini's_Gift", "Assembly-CSharp-Editor.csproj", "{0B527EEE-5107-E365-FEEB-FFD7B3F40F49}"
EndProject
Global
	GlobalSection(SolutionConfigurationPlatforms) = preSolution
		Debug|Any CPU = Debug|Any CPU
		Release|Any CPU = Release|Any CPU
	EndGlobalSection
	GlobalSection(ProjectConfigurationPlatforms) = postSolution
		{411DE747-4CB0-50A3-9E89-2378BCF2D344}.Debug|Any CPU.ActiveCfg = Debug|Any CPU
		{411DE747-4CB0-50A3-9E89-2378BCF2D344}.Debug|Any CPU.Build.0 = Debug|Any CPU
		{411DE747-4CB0-50A3-9E89-2378BCF2D344}.Release|Any CPU.ActiveCfg = Release|Any CPU
		{411DE747-4CB0-50A3-9E89-2378BCF2D344}.Release|Any CPU.Build.0 = Release|Any CPU
		{0B527EEE-5107-E365-FEEB-FFD7B3F40F49}.Debug|Any CPU.ActiveCfg = Debug|Any CPU
		{0B527EEE-5107-E365-FEEB-FFD7B3F40F49}.Debug|Any CPU.Build.0 = Debug|Any CPU
		{0B527EEE-5107-E365-FEEB-FFD7B3F40F49}.Release|Any CPU.ActiveCfg = Release|Any CPU
		{0B527EEE-5107-E365-FEEB-FFD7B3F40F49}.Release|Any CPU.Build.0 = Release|Any CPU
	EndGlobalSection
	GlobalSection(SolutionProperties) = preSolution
		HideSolutionNode = FALSE
	EndGlobalSection
	GlobalSection(MonoDevelopProperties) = preSolution
		StartupItem = Assembly-CSharp.csproj
	EndGlobalSection
EndGlobal
